
Microsoft Visual Studio Solution File, Format Version 12.00
# Visual Studio Version 16
VisualStudioVersion = 16.0.29519.87
MinimumVisualStudioVersion = 10.0.40219.1
Project("{8BC9CEB8-8B4A-11D0-8D11-00A0C91BC942}") = "Maze", "Maze\Maze.vcxproj", "{D6602868-2147-42C1-8DDA-7B855EDE4832}"
EndProject
Global
	GlobalSection(SolutionConfigurationPlatforms) = preSolution
		Debug|x64 = Debug|x64
		Debug|x86 = Debug|x86
		Release|x64 = Release|x64
		Release|x86 = Release|x86
	EndGlobalSection
	GlobalSection(ProjectConfigurationPlatforms) = postSolution
		{D6602868-2147-42C1-8DDA-7B855EDE4832}.Debug|x64.ActiveCfg = Debug|x64
		{D6602868-2147-42C1-8DDA-7B855EDE4832}.Debug|x64.Build.0 = Debug|x64
		{D6602868-2147-42C1-8DDA-7B855EDE4832}.Debug|x86.ActiveCfg = Debug|Win32
		{D6602868-2147-42C1-8DDA-7B855EDE4832}.Debug|x86.Build.0 = Debug|Win32
		{D6602868-2147-42C1-8DDA-7B855EDE4832}.Release|x64.ActiveCfg = Release|x64
		{D6602868-2147-42C1-8DDA-7B855EDE4832}.Release|x64.Build.0 = Release|x64
		{D6602868-2147-42C1-8DDA-7B855EDE4832}.Release|x86.ActiveCfg = Release|Win32
		{D6602868-2147-42C1-8DDA-7B855EDE4832}.Release|x86.Build.0 = Release|Win32
	EndGlobalSection
	GlobalSection(SolutionProperties) = preSolution
		HideSolutionNode = FALSE
	EndGlobalSection
	GlobalSection(ExtensibilityGlobals) = postSolution
		SolutionGuid = {FC65C58F-6969-4A6C-A4F6-638D147354A6}
	EndGlobalSection
EndGlobal
